
Microsoft Visual Studio Solution File, Format Version 12.00
# Visual Studio Version 16
VisualStudioVersion = 16.0.30114.105
MinimumVisualStudioVersion = 10.0.40219.1
Project("{FAE04EC0-301F-11D3-BF4B-00C04F79EFBC}") = "ECommerceSample.Entities", "ECommerceSample.Entities\ECommerceSample.Entities.csproj", "{896ACC3A-028B-4303-A808-A92BE2388C09}"
EndProject
Global
	GlobalSection(SolutionConfigurationPlatforms) = preSolution
		Debug|Any CPU = Debug|Any CPU
		Release|Any CPU = Release|Any CPU
	EndGlobalSection
	GlobalSection(ProjectConfigurationPlatforms) = postSolution
		{896ACC3A-028B-4303-A808-A92BE2388C09}.Debug|Any CPU.ActiveCfg = Debug|Any CPU
		{896ACC3A-028B-4303-A808-A92BE2388C09}.Debug|Any CPU.Build.0 = Debug|Any CPU
		{896ACC3A-028B-4303-A808-A92BE2388C09}.Release|Any CPU.ActiveCfg = Release|Any CPU
		{896ACC3A-028B-4303-A808-A92BE2388C09}.Release|Any CPU.Build.0 = Release|Any CPU
	EndGlobalSection
	GlobalSection(SolutionProperties) = preSolution
		HideSolutionNode = FALSE
	EndGlobalSection
	GlobalSection(ExtensibilityGlobals) = postSolution
		SolutionGuid = {5F093D43-3FE7-4CC7-AFC0-C1E6468D506A}
	EndGlobalSection
EndGlobal
